// !$*UTF8*$!
{
	archiveVersion = 1;
	classes = {
	};
	objectVersion = 50;
	objects = {

/* Begin PBXBuildFile section */
		82B9C508D1AA13B14683CBAF /* Pods_DungeonSettings.framework in Frameworks */ = {isa = PBXBuildFile; fileRef = 156B0EB4D09670B30DC75746 /* Pods_DungeonSettings.framework */; };
		CF9E1E61226FAC8F00665E43 /* DungeonDetailViewController.swift in Sources */ = {isa = PBXBuildFile; fileRef = CF9E1E60226FAC8F00665E43 /* DungeonDetailViewController.swift */; };
		CFBF64B0226E57DC00115845 /* HomeTableTableViewController.swift in Sources */ = {isa = PBXBuildFile; fileRef = CFBF64AF226E57DC00115845 /* HomeTableTableViewController.swift */; };
		CFBF64B2226E643100115845 /* DungeonState.swift in Sources */ = {isa = PBXBuildFile; fileRef = CFBF64B1226E643100115845 /* DungeonState.swift */; };
		CFBF64B4226E685800115845 /* *Item.swift in Sources */ = {isa = PBXBuildFile; fileRef = CFBF64B3226E685800115845 /* *Item.swift */; };
		CFBF64B6226E68A800115845 /* DungeonConfig.swift in Sources */ = {isa = PBXBuildFile; fileRef = CFBF64B5226E68A800115845 /* DungeonConfig.swift */; };
		CFBF64B8226E690900115845 /* Score.swift in Sources */ = {isa = PBXBuildFile; fileRef = CFBF64B7226E690900115845 /* Score.swift */; };
		CFD2D0DE226E4AB600B0BCF9 /* AppDelegate.swift in Sources */ = {isa = PBXBuildFile; fileRef = CFD2D0DD226E4AB600B0BCF9 /* AppDelegate.swift */; };
		CFD2D0E0226E4AB600B0BCF9 /* ViewController.swift in Sources */ = {isa = PBXBuildFile; fileRef = CFD2D0DF226E4AB600B0BCF9 /* ViewController.swift */; };
		CFD2D0E3226E4AB600B0BCF9 /* Main.storyboard in Resources */ = {isa = PBXBuildFile; fileRef = CFD2D0E1226E4AB600B0BCF9 /* Main.storyboard */; };
		CFD2D0E5226E4AB700B0BCF9 /* Assets.xcassets in Resources */ = {isa = PBXBuildFile; fileRef = CFD2D0E4226E4AB700B0BCF9 /* Assets.xcassets */; };
		CFD2D0E8226E4AB700B0BCF9 /* LaunchScreen.storyboard in Resources */ = {isa = PBXBuildFile; fileRef = CFD2D0E6226E4AB700B0BCF9 /* LaunchScreen.storyboard */; };
		CFD2D0F5226E53B500B0BCF9 /* FeedTableCell.swift in Sources */ = {isa = PBXBuildFile; fileRef = CFD2D0F4226E53B500B0BCF9 /* FeedTableCell.swift */; };
/* End PBXBuildFile section */

/* Begin PBXFileReference section */
		156B0EB4D09670B30DC75746 /* Pods_DungeonSettings.framework */ = {isa = PBXFileReference; explicitFileType = wrapper.framework; includeInIndex = 0; path = Pods_DungeonSettings.framework; sourceTree = BUILT_PRODUCTS_DIR; };
		388CA60D5E6F773EF99A2BAC /* Pods-DungeonSettings.release.xcconfig */ = {isa = PBXFileReference; includeInIndex = 1; lastKnownFileType = text.xcconfig; name = "Pods-DungeonSettings.release.xcconfig"; path = "Target Support Files/Pods-DungeonSettings/Pods-DungeonSettings.release.xcconfig"; sourceTree = "<group>"; };
		671AA8897E083AA08CC2DCEA /* Pods-DungeonSettings.debug.xcconfig */ = {isa = PBXFileReference; includeInIndex = 1; lastKnownFileType = text.xcconfig; name = "Pods-DungeonSettings.debug.xcconfig"; path = "Target Support Files/Pods-DungeonSettings/Pods-DungeonSettings.debug.xcconfig"; sourceTree = "<group>"; };
		CF9E1E60226FAC8F00665E43 /* DungeonDetailViewController.swift */ = {isa = PBXFileReference; lastKnownFileType = sourcecode.swift; path = DungeonDetailViewController.swift; sourceTree = "<group>"; };
		CFBF64AF226E57DC00115845 /* HomeTableTableViewController.swift */ = {isa = PBXFileReference; lastKnownFileType = sourcecode.swift; path = HomeTableTableViewController.swift; sourceTree = "<group>"; };
		CFBF64B1226E643100115845 /* DungeonState.swift */ = {isa = PBXFileReference; lastKnownFileType = sourcecode.swift; path = DungeonState.swift; sourceTree = "<group>"; };
		CFBF64B3226E685800115845 /* *Item.swift */ = {isa = PBXFileReference; lastKnownFileType = sourcecode.swift; path = "*Item.swift"; sourceTree = "<group>"; };
		CFBF64B5226E68A800115845 /* DungeonConfig.swift */ = {isa = PBXFileReference; lastKnownFileType = sourcecode.swift; path = DungeonConfig.swift; sourceTree = "<group>"; };
		CFBF64B7226E690900115845 /* Score.swift */ = {isa = PBXFileReference; lastKnownFileType = sourcecode.swift; path = Score.swift; sourceTree = "<group>"; };
		CFD2D0DA226E4AB600B0BCF9 /* DungeonSettings.app */ = {isa = PBXFileReference; explicitFileType = wrapper.application; includeInIndex = 0; path = DungeonSettings.app; sourceTree = BUILT_PRODUCTS_DIR; };
		CFD2D0DD226E4AB600B0BCF9 /* AppDelegate.swift */ = {isa = PBXFileReference; lastKnownFileType = sourcecode.swift; path = AppDelegate.swift; sourceTree = "<group>"; };
		CFD2D0DF226E4AB600B0BCF9 /* ViewController.swift */ = {isa = PBXFileReference; lastKnownFileType = sourcecode.swift; path = ViewController.swift; sourceTree = "<group>"; };
		CFD2D0E2226E4AB600B0BCF9 /* Base */ = {isa = PBXFileReference; lastKnownFileType = file.storyboard; name = Base; path = Base.lproj/Main.storyboard; sourceTree = "<group>"; };
		CFD2D0E4226E4AB700B0BCF9 /* Assets.xcassets */ = {isa = PBXFileReference; lastKnownFileType = folder.assetcatalog; path = Assets.xcassets; sourceTree = "<group>"; };
		CFD2D0E7226E4AB700B0BCF9 /* Base */ = {isa = PBXFileReference; lastKnownFileType = file.storyboard; name = Base; path = Base.lproj/LaunchScreen.storyboard; sourceTree = "<group>"; };
		CFD2D0E9226E4AB700B0BCF9 /* Info.plist */ = {isa = PBXFileReference; lastKnownFileType = text.plist.xml; path = Info.plist; sourceTree = "<group>"; };
		CFD2D0F4226E53B500B0BCF9 /* FeedTableCell.swift */ = {isa = PBXFileReference; lastKnownFileType = sourcecode.swift; path = FeedTableCell.swift; sourceTree = "<group>"; };
/* End PBXFileReference section */

/* Begin PBXFrameworksBuildPhase section */
		CFD2D0D7226E4AB600B0BCF9 /* Frameworks */ = {
			isa = PBXFrameworksBuildPhase;
			buildActionMask = 2147483647;
			files = (
				82B9C508D1AA13B14683CBAF /* Pods_DungeonSettings.framework in Frameworks */,
			);
			runOnlyForDeploymentPostprocessing = 0;
		};
/* End PBXFrameworksBuildPhase section */

/* Begin PBXGroup section */
		79980E4D35A8F5D3512EC89D /* Pods */ = {
			isa = PBXGroup;
			children = (
				671AA8897E083AA08CC2DCEA /* Pods-DungeonSettings.debug.xcconfig */,
				388CA60D5E6F773EF99A2BAC /* Pods-DungeonSettings.release.xcconfig */,
			);
			path = Pods;
			sourceTree = "<group>";
		};
		C3F09486437BAFC4CD9A197C /* Frameworks */ = {
			isa = PBXGroup;
			children = (
				156B0EB4D09670B30DC75746 /* Pods_DungeonSettings.framework */,
			);
			name = Frameworks;
			sourceTree = "<group>";
		};
		CFD2D0D1226E4AB600B0BCF9 = {
			isa = PBXGroup;
			children = (
				CFD2D0DC226E4AB600B0BCF9 /* DungeonSettings */,
				CFD2D0DB226E4AB600B0BCF9 /* Products */,
				79980E4D35A8F5D3512EC89D /* Pods */,
				C3F09486437BAFC4CD9A197C /* Frameworks */,
			);
			sourceTree = "<group>";
		};
		CFD2D0DB226E4AB600B0BCF9 /* Products */ = {
			isa = PBXGroup;
			children = (
				CFD2D0DA226E4AB600B0BCF9 /* DungeonSettings.app */,
			);
			name = Products;
			sourceTree = "<group>";
		};
		CFD2D0DC226E4AB600B0BCF9 /* DungeonSettings */ = {
			isa = PBXGroup;
			children = (
				CFD2D0F3226E52A200B0BCF9 /* Controller */,
				CFD2D0F2226E529800B0BCF9 /* View */,
				CFD2D0F1226E529300B0BCF9 /* Model */,
				CFD2D0DD226E4AB600B0BCF9 /* AppDelegate.swift */,
				CFD2D0E4226E4AB700B0BCF9 /* Assets.xcassets */,
				CFD2D0E9226E4AB700B0BCF9 /* Info.plist */,
			);
			path = DungeonSettings;
			sourceTree = "<group>";
		};
		CFD2D0F1226E529300B0BCF9 /* Model */ = {
			isa = PBXGroup;
			children = (
				CFBF64B1226E643100115845 /* DungeonState.swift */,
				CFBF64B3226E685800115845 /* *Item.swift */,
				CFBF64B5226E68A800115845 /* DungeonConfig.swift */,
				CFBF64B7226E690900115845 /* Score.swift */,
			);
			path = Model;
			sourceTree = "<group>";
		};
		CFD2D0F2226E529800B0BCF9 /* View */ = {
			isa = PBXGroup;
			children = (
				CFD2D0E1226E4AB600B0BCF9 /* Main.storyboard */,
				CFD2D0E6226E4AB700B0BCF9 /* LaunchScreen.storyboard */,
			);
			path = View;
			sourceTree = "<group>";
		};
		CFD2D0F3226E52A200B0BCF9 /* Controller */ = {
			isa = PBXGroup;
			children = (
				CFD2D0DF226E4AB600B0BCF9 /* ViewController.swift */,
				CFD2D0F4226E53B500B0BCF9 /* FeedTableCell.swift */,
				CFBF64AF226E57DC00115845 /* HomeTableTableViewController.swift */,
				CF9E1E60226FAC8F00665E43 /* DungeonDetailViewController.swift */,
			);
			path = Controller;
			sourceTree = "<group>";
		};
/* End PBXGroup section */

/* Begin PBXNativeTarget section */
		CFD2D0D9226E4AB600B0BCF9 /* DungeonSettings */ = {
			isa = PBXNativeTarget;
			buildConfigurationList = CFD2D0EC226E4AB700B0BCF9 /* Build configuration list for PBXNativeTarget "DungeonSettings" */;
			buildPhases = (
				05865C936BDE20C45F2F8836 /* [CP] Check Pods Manifest.lock */,
				CFD2D0D6226E4AB600B0BCF9 /* Sources */,
				CFD2D0D7226E4AB600B0BCF9 /* Frameworks */,
				CFD2D0D8226E4AB600B0BCF9 /* Resources */,
				197528D4B491F4799A13CE6A /* [CP] Embed Pods Frameworks */,
			);
			buildRules = (
			);
			dependencies = (
			);
			name = DungeonSettings;
			productName = DungeonSettings;
			productReference = CFD2D0DA226E4AB600B0BCF9 /* DungeonSettings.app */;
			productType = "com.apple.product-type.application";
		};
/* End PBXNativeTarget section */

/* Begin PBXProject section */
		CFD2D0D2226E4AB600B0BCF9 /* Project object */ = {
			isa = PBXProject;
			attributes = {
				LastSwiftUpdateCheck = 1020;
				LastUpgradeCheck = 1020;
				ORGANIZATIONNAME = Jackson;
				TargetAttributes = {
					CFD2D0D9226E4AB600B0BCF9 = {
						CreatedOnToolsVersion = 10.2;
					};
				};
			};
			buildConfigurationList = CFD2D0D5226E4AB600B0BCF9 /* Build configuration list for PBXProject "DungeonSettings" */;
			compatibilityVersion = "Xcode 9.3";
			developmentRegion = en;
			hasScannedForEncodings = 0;
			knownRegions = (
				en,
				Base,
			);
			mainGroup = CFD2D0D1226E4AB600B0BCF9;
			productRefGroup = CFD2D0DB226E4AB600B0BCF9 /* Products */;
			projectDirPath = "";
			projectRoot = "";
			targets = (
				CFD2D0D9226E4AB600B0BCF9 /* DungeonSettings */,
			);
		};
/* End PBXProject section */

/* Begin PBXResourcesBuildPhase section */
		CFD2D0D8226E4AB600B0BCF9 /* Resources */ = {
			isa = PBXResourcesBuildPhase;
			buildActionMask = 2147483647;
			files = (
				CFD2D0E8226E4AB700B0BCF9 /* LaunchScreen.storyboard in Resources */,
				CFD2D0E5226E4AB700B0BCF9 /* Assets.xcassets in Resources */,
				CFD2D0E3226E4AB600B0BCF9 /* Main.storyboard in Resources */,
			);
			runOnlyForDeploymentPostprocessing = 0;
		};
/* End PBXResourcesBuildPhase section */

/* Begin PBXShellScriptBuildPhase section */
		05865C936BDE20C45F2F8836 /* [CP] Check Pods Manifest.lock */ = {
			isa = PBXShellScriptBuildPhase;
			buildActionMask = 2147483647;
			files = (
			);
			inputFileListPaths = (
			);
			inputPaths = (
				"${PODS_PODFILE_DIR_PATH}/Podfile.lock",
				"${PODS_ROOT}/Manifest.lock",
			);
			name = "[CP] Check Pods Manifest.lock";
			outputFileListPaths = (
			);
			outputPaths = (
				"$(DERIVED_FILE_DIR)/Pods-DungeonSettings-checkManifestLockResult.txt",
			);
			runOnlyForDeploymentPostprocessing = 0;
			shellPath = /bin/sh;
			shellScript = "diff \"${PODS_PODFILE_DIR_PATH}/Podfile.lock\" \"${PODS_ROOT}/Manifest.lock\" > /dev/null\nif [ $? != 0 ] ; then\n    # print error to STDERR\n    echo \"error: The sandbox is not in sync with the Podfile.lock. Run 'pod install' or update your CocoaPods installation.\" >&2\n    exit 1\nfi\n# This output is used by Xcode 'outputs' to avoid re-running this script phase.\necho \"SUCCESS\" > \"${SCRIPT_OUTPUT_FILE_0}\"\n";
			showEnvVarsInLog = 0;
		};
		197528D4B491F4799A13CE6A /* [CP] Embed Pods Frameworks */ = {
			isa = PBXShellScriptBuildPhase;
			buildActionMask = 2147483647;
			files = (
			);
			inputFileListPaths = (
			);
			inputPaths = (
				"${PODS_ROOT}/Target Support Files/Pods-DungeonSettings/Pods-DungeonSettings-frameworks.sh",
				"${BUILT_PRODUCTS_DIR}/BulletinBoard/BLTNBoard.framework",
				"${BUILT_PRODUCTS_DIR}/DZNEmptyDataSet/DZNEmptyDataSet.framework",
				"${BUILT_PRODUCTS_DIR}/PKRevealController/PKRevealController.framework",
				"${BUILT_PRODUCTS_DIR}/Permission/Permission.framework",
				"${BUILT_PRODUCTS_DIR}/REFormattedNumberField/REFormattedNumberField.framework",
				"${BUILT_PRODUCTS_DIR}/RETableViewManager/RETableViewManager.framework",
				"${BUILT_PRODUCTS_DIR}/REValidation/REValidation.framework",
				"${BUILT_PRODUCTS_DIR}/Timepiece/Timepiece.framework",
			);
			name = "[CP] Embed Pods Frameworks";
			outputFileListPaths = (
			);
			outputPaths = (
				"${TARGET_BUILD_DIR}/${FRAMEWORKS_FOLDER_PATH}/BLTNBoard.framework",
				"${TARGET_BUILD_DIR}/${FRAMEWORKS_FOLDER_PATH}/DZNEmptyDataSet.framework",
				"${TARGET_BUILD_DIR}/${FRAMEWORKS_FOLDER_PATH}/PKRevealController.framework",
				"${TARGET_BUILD_DIR}/${FRAMEWORKS_FOLDER_PATH}/Permission.framework",
				"${TARGET_BUILD_DIR}/${FRAMEWORKS_FOLDER_PATH}/REFormattedNumberField.framework",
				"${TARGET_BUILD_DIR}/${FRAMEWORKS_FOLDER_PATH}/RETableViewManager.framework",
				"${TARGET_BUILD_DIR}/${FRAMEWORKS_FOLDER_PATH}/REValidation.framework",
				"${TARGET_BUILD_DIR}/${FRAMEWORKS_FOLDER_PATH}/Timepiece.framework",
			);
			runOnlyForDeploymentPostprocessing = 0;
			shellPath = /bin/sh;
			shellScript = "\"${PODS_ROOT}/Target Support Files/Pods-DungeonSettings/Pods-DungeonSettings-frameworks.sh\"\n";
			showEnvVarsInLog = 0;
		};
/* End PBXShellScriptBuildPhase section */

/* Begin PBXSourcesBuildPhase section */
		CFD2D0D6226E4AB600B0BCF9 /* Sources */ = {
			isa = PBXSourcesBuildPhase;
			buildActionMask = 2147483647;
			files = (
				CFBF64B2226E643100115845 /* DungeonState.swift in Sources */,
				CF9E1E61226FAC8F00665E43 /* DungeonDetailViewController.swift in Sources */,
				CFD2D0E0226E4AB600B0BCF9 /* ViewController.swift in Sources */,
				CFBF64B8226E690900115845 /* Score.swift in Sources */,
				CFBF64B0226E57DC00115845 /* HomeTableTableViewController.swift in Sources */,
				CFBF64B6226E68A800115845 /* DungeonConfig.swift in Sources */,
				CFD2D0F5226E53B500B0BCF9 /* FeedTableCell.swift in Sources */,
				CFBF64B4226E685800115845 /* *Item.swift in Sources */,
				CFD2D0DE226E4AB600B0BCF9 /* AppDelegate.swift in Sources */,
			);
			runOnlyForDeploymentPostprocessing = 0;
		};
/* End PBXSourcesBuildPhase section */

/* Begin PBXVariantGroup section */
		CFD2D0E1226E4AB600B0BCF9 /* Main.storyboard */ = {
			isa = PBXVariantGroup;
			children = (
				CFD2D0E2226E4AB600B0BCF9 /* Base */,
			);
			name = Main.storyboard;
			sourceTree = "<group>";
		};
		CFD2D0E6226E4AB700B0BCF9 /* LaunchScreen.storyboard */ = {
			isa = PBXVariantGroup;
			children = (
				CFD2D0E7226E4AB700B0BCF9 /* Base */,
			);
			name = LaunchScreen.storyboard;
			sourceTree = "<group>";
		};
/* End PBXVariantGroup section */

/* Begin XCBuildConfiguration section */
		CFD2D0EA226E4AB700B0BCF9 /* Debug */ = {
			isa = XCBuildConfiguration;
			buildSettings = {
				ALWAYS_SEARCH_USER_PATHS = NO;
				CLANG_ANALYZER_NONNULL = YES;
				CLANG_ANALYZER_NUMBER_OBJECT_CONVERSION = YES_AGGRESSIVE;
				CLANG_CXX_LANGUAGE_STANDARD = "gnu++14";
				CLANG_CXX_LIBRARY = "libc++";
				CLANG_ENABLE_MODULES = YES;
				CLANG_ENABLE_OBJC_ARC = YES;
				CLANG_ENABLE_OBJC_WEAK = YES;
				CLANG_WARN_BLOCK_CAPTURE_AUTORELEASING = YES;
				CLANG_WARN_BOOL_CONVERSION = YES;
				CLANG_WARN_COMMA = YES;
				CLANG_WARN_CONSTANT_CONVERSION = YES;
				CLANG_WARN_DEPRECATED_OBJC_IMPLEMENTATIONS = YES;
				CLANG_WARN_DIRECT_OBJC_ISA_USAGE = YES_ERROR;
				CLANG_WARN_DOCUMENTATION_COMMENTS = YES;
				CLANG_WARN_EMPTY_BODY = YES;
				CLANG_WARN_ENUM_CONVERSION = YES;
				CLANG_WARN_INFINITE_RECURSION = YES;
				CLANG_WARN_INT_CONVERSION = YES;
				CLANG_WARN_NON_LITERAL_NULL_CONVERSION = YES;
				CLANG_WARN_OBJC_IMPLICIT_RETAIN_SELF = YES;
				CLANG_WARN_OBJC_LITERAL_CONVERSION = YES;
				CLANG_WARN_OBJC_ROOT_CLASS = YES_ERROR;
				CLANG_WARN_RANGE_LOOP_ANALYSIS = YES;
				CLANG_WARN_STRICT_PROTOTYPES = YES;
				CLANG_WARN_SUSPICIOUS_MOVE = YES;
				CLANG_WARN_UNGUARDED_AVAILABILITY = YES_AGGRESSIVE;
				CLANG_WARN_UNREACHABLE_CODE = YES;
				CLANG_WARN__DUPLICATE_METHOD_MATCH = YES;
				CODE_SIGN_IDENTITY = "iPhone Developer";
				COPY_PHASE_STRIP = NO;
				DEBUG_INFORMATION_FORMAT = dwarf;
				ENABLE_STRICT_OBJC_MSGSEND = YES;
				ENABLE_TESTABILITY = YES;
				GCC_C_LANGUAGE_STANDARD = gnu11;
				GCC_DYNAMIC_NO_PIC = NO;
				GCC_NO_COMMON_BLOCKS = YES;
				GCC_OPTIMIZATION_LEVEL = 0;
				GCC_PREPROCESSOR_DEFINITIONS = (
					"DEBUG=1",
					"$(inherited)",
				);
				GCC_WARN_64_TO_32_BIT_CONVERSION = YES;
				GCC_WARN_ABOUT_RETURN_TYPE = YES_ERROR;
				GCC_WARN_UNDECLARED_SELECTOR = YES;
				GCC_WARN_UNINITIALIZED_AUTOS = YES_AGGRESSIVE;
				GCC_WARN_UNUSED_FUNCTION = YES;
				GCC_WARN_UNUSED_VARIABLE = YES;
				IPHONEOS_DEPLOYMENT_TARGET = 12.2;
				MTL_ENABLE_DEBUG_INFO = INCLUDE_SOURCE;
				MTL_FAST_MATH = YES;
				ONLY_ACTIVE_ARCH = YES;
				SDKROOT = iphoneos;
				SWIFT_ACTIVE_COMPILATION_CONDITIONS = DEBUG;
				SWIFT_OPTIMIZATION_LEVEL = "-Onone";
			};
			name = Debug;
		};
		CFD2D0EB226E4AB700B0BCF9 /* Release */ = {
			isa = XCBuildConfiguration;
			buildSettings = {
				ALWAYS_SEARCH_USER_PATHS = NO;
				CLANG_ANALYZER_NONNULL = YES;
				CLANG_ANALYZER_NUMBER_OBJECT_CONVERSION = YES_AGGRESSIVE;
				CLANG_CXX_LANGUAGE_STANDARD = "gnu++14";
				CLANG_CXX_LIBRARY = "libc++";
				CLANG_ENABLE_MODULES = YES;
				CLANG_ENABLE_OBJC_ARC = YES;
				CLANG_ENABLE_OBJC_WEAK = YES;
				CLANG_WARN_BLOCK_CAPTURE_AUTORELEASING = YES;
				CLANG_WARN_BOOL_CONVERSION = YES;
				CLANG_WARN_COMMA = YES;
				CLANG_WARN_CONSTANT_CONVERSION = YES;
				CLANG_WARN_DEPRECATED_OBJC_IMPLEMENTATIONS = YES;
				CLANG_WARN_DIRECT_OBJC_ISA_USAGE = YES_ERROR;
				CLANG_WARN_DOCUMENTATION_COMMENTS = YES;
				CLANG_WARN_EMPTY_BODY = YES;
				CLANG_WARN_ENUM_CONVERSION = YES;
				CLANG_WARN_INFINITE_RECURSION = YES;
				CLANG_WARN_INT_CONVERSION = YES;
				CLANG_WARN_NON_LITERAL_NULL_CONVERSION = YES;
				CLANG_WARN_OBJC_IMPLICIT_RETAIN_SELF = YES;
				CLANG_WARN_OBJC_LITERAL_CONVERSION = YES;
				CLANG_WARN_OBJC_ROOT_CLASS = YES_ERROR;
				CLANG_WARN_RANGE_LOOP_ANALYSIS = YES;
				CLANG_WARN_STRICT_PROTOTYPES = YES;
				CLANG_WARN_SUSPICIOUS_MOVE = YES;
				CLANG_WARN_UNGUARDED_AVAILABILITY = YES_AGGRESSIVE;
				CLANG_WARN_UNREACHABLE_CODE = YES;
				CLANG_WARN__DUPLICATE_METHOD_MATCH = YES;
				CODE_SIGN_IDENTITY = "iPhone Developer";
				COPY_PHASE_STRIP = NO;
				DEBUG_INFORMATION_FORMAT = "dwarf-with-dsym";
				ENABLE_NS_ASSERTIONS = NO;
				ENABLE_STRICT_OBJC_MSGSEND = YES;
				GCC_C_LANGUAGE_STANDARD = gnu11;
				GCC_NO_COMMON_BLOCKS = YES;
				GCC_WARN_64_TO_32_BIT_CONVERSION = YES;
				GCC_WARN_ABOUT_RETURN_TYPE = YES_ERROR;
				GCC_WARN_UNDECLARED_SELECTOR = YES;
				GCC_WARN_UNINITIALIZED_AUTOS = YES_AGGRESSIVE;
				GCC_WARN_UNUSED_FUNCTION = YES;
				GCC_WARN_UNUSED_VARIABLE = YES;
				IPHONEOS_DEPLOYMENT_TARGET = 12.2;
				MTL_ENABLE_DEBUG_INFO = NO;
				MTL_FAST_MATH = YES;
				SDKROOT = iphoneos;
				SWIFT_COMPILATION_MODE = wholemodule;
				SWIFT_OPTIMIZATION_LEVEL = "-O";
				VALIDATE_PRODUCT = YES;
			};
			name = Release;
		};
		CFD2D0ED226E4AB700B0BCF9 /* Debug */ = {
			isa = XCBuildConfiguration;
			baseConfigurationReference = 671AA8897E083AA08CC2DCEA /* Pods-DungeonSettings.debug.xcconfig */;
			buildSettings = {
				ASSETCATALOG_COMPILER_APPICON_NAME = AppIcon;
				CODE_SIGN_STYLE = Automatic;
				DEVELOPMENT_TEAM = VMTSCVT295;
				INFOPLIST_FILE = DungeonSettings/Info.plist;
				IPHONEOS_DEPLOYMENT_TARGET = 12.0;
				LD_RUNPATH_SEARCH_PATHS = (
					"$(inherited)",
					"@executable_path/Frameworks",
				);
				PRODUCT_BUNDLE_IDENTIFIER = com.jacksonchui.DungeonSettings;
				PRODUCT_NAME = "$(TARGET_NAME)";
				SWIFT_VERSION = 5.0;
				TARGETED_DEVICE_FAMILY = "1,2";
			};
			name = Debug;
		};
		CFD2D0EE226E4AB700B0BCF9 /* Release */ = {
			isa = XCBuildConfiguration;
			baseConfigurationReference = 388CA60D5E6F773EF99A2BAC /* Pods-DungeonSettings.release.xcconfig */;
			buildSettings = {
				ASSETCATALOG_COMPILER_APPICON_NAME = AppIcon;
				CODE_SIGN_STYLE = Automatic;
				DEVELOPMENT_TEAM = VMTSCVT295;
				INFOPLIST_FILE = DungeonSettings/Info.plist;
				IPHONEOS_DEPLOYMENT_TARGET = 12.0;
				LD_RUNPATH_SEARCH_PATHS = (
					"$(inherited)",
					"@executable_path/Frameworks",
				);
				PRODUCT_BUNDLE_IDENTIFIER = com.jacksonchui.DungeonSettings;
				PRODUCT_NAME = "$(TARGET_NAME)";
				SWIFT_VERSION = 5.0;
				TARGETED_DEVICE_FAMILY = "1,2";
			};
			name = Release;
		};
/* End XCBuildConfiguration section */

/* Begin XCConfigurationList section */
		CFD2D0D5226E4AB600B0BCF9 /* Build configuration list for PBXProject "DungeonSettings" */ = {
			isa = XCConfigurationList;
			buildConfigurations = (
				CFD2D0EA226E4AB700B0BCF9 /* Debug */,
				CFD2D0EB226E4AB700B0BCF9 /* Release */,
			);
			defaultConfigurationIsVisible = 0;
			defaultConfigurationName = Release;
		};
		CFD2D0EC226E4AB700B0BCF9 /* Build configuration list for PBXNativeTarget "DungeonSettings" */ = {
			isa = XCConfigurationList;
			buildConfigurations = (
				CFD2D0ED226E4AB700B0BCF9 /* Debug */,
				CFD2D0EE226E4AB700B0BCF9 /* Release */,
			);
			defaultConfigurationIsVisible = 0;
			defaultConfigurationName = Release;
		};
/* End XCConfigurationList section */
	};
	rootObject = CFD2D0D2226E4AB600B0BCF9 /* Project object */;
}
